
Microsoft Visual Studio Solution File, Format Version 12.00
# Visual Studio Version 16
VisualStudioVersion = 16.0.31019.35
MinimumVisualStudioVersion = 10.0.40219.1
Project("{FAE04EC0-301F-11D3-BF4B-00C04F79EFBC}") = "Calculos_basicos", "Calculos_basicos\Calculos_basicos.csproj", "{6CD1C10A-5EB2-4654-BD66-5DA645644D60}"
EndProject
Global
	GlobalSection(SolutionConfigurationPlatforms) = preSolution
		Debug|Any CPU = Debug|Any CPU
		Release|Any CPU = Release|Any CPU
	EndGlobalSection
	GlobalSection(ProjectConfigurationPlatforms) = postSolution
		{6CD1C10A-5EB2-4654-BD66-5DA645644D60}.Debug|Any CPU.ActiveCfg = Debug|Any CPU
		{6CD1C10A-5EB2-4654-BD66-5DA645644D60}.Debug|Any CPU.Build.0 = Debug|Any CPU
		{6CD1C10A-5EB2-4654-BD66-5DA645644D60}.Release|Any CPU.ActiveCfg = Release|Any CPU
		{6CD1C10A-5EB2-4654-BD66-5DA645644D60}.Release|Any CPU.Build.0 = Release|Any CPU
	EndGlobalSection
	GlobalSection(SolutionProperties) = preSolution
		HideSolutionNode = FALSE
	EndGlobalSection
	GlobalSection(ExtensibilityGlobals) = postSolution
		SolutionGuid = {5F1401C9-5DEC-4B8D-94F5-B357C000B4D3}
	EndGlobalSection
EndGlobal
