
Microsoft Visual Studio Solution File, Format Version 12.00
# Visual Studio Version 16
VisualStudioVersion = 16.0.30907.101
MinimumVisualStudioVersion = 10.0.40219.1
Project("{FAE04EC0-301F-11D3-BF4B-00C04F79EFBC}") = "Program", "Program\Program.csproj", "{2B122B13-EAAB-4045-A42C-DE70A8DF7573}"
EndProject
Global
	GlobalSection(SolutionConfigurationPlatforms) = preSolution
		Debug|Any CPU = Debug|Any CPU
		Release|Any CPU = Release|Any CPU
	EndGlobalSection
	GlobalSection(ProjectConfigurationPlatforms) = postSolution
		{2B122B13-EAAB-4045-A42C-DE70A8DF7573}.Debug|Any CPU.ActiveCfg = Debug|Any CPU
		{2B122B13-EAAB-4045-A42C-DE70A8DF7573}.Debug|Any CPU.Build.0 = Debug|Any CPU
		{2B122B13-EAAB-4045-A42C-DE70A8DF7573}.Release|Any CPU.ActiveCfg = Release|Any CPU
		{2B122B13-EAAB-4045-A42C-DE70A8DF7573}.Release|Any CPU.Build.0 = Release|Any CPU
	EndGlobalSection
	GlobalSection(SolutionProperties) = preSolution
		HideSolutionNode = FALSE
	EndGlobalSection
	GlobalSection(ExtensibilityGlobals) = postSolution
		SolutionGuid = {9F312D9D-6868-45F4-B3E2-1FE98344FC19}
	EndGlobalSection
EndGlobal
