
Microsoft Visual Studio Solution File, Format Version 12.00
# Visual Studio Version 16
VisualStudioVersion = 16.0.30907.101
MinimumVisualStudioVersion = 10.0.40219.1
Project("{FAE04EC0-301F-11D3-BF4B-00C04F79EFBC}") = "Cadastro1", "Cadastro1\Cadastro1.csproj", "{80F29BB0-BEF1-4210-9427-728A50BBC1F2}"
EndProject
Global
	GlobalSection(SolutionConfigurationPlatforms) = preSolution
		Debug|Any CPU = Debug|Any CPU
		Release|Any CPU = Release|Any CPU
	EndGlobalSection
	GlobalSection(ProjectConfigurationPlatforms) = postSolution
		{80F29BB0-BEF1-4210-9427-728A50BBC1F2}.Debug|Any CPU.ActiveCfg = Debug|Any CPU
		{80F29BB0-BEF1-4210-9427-728A50BBC1F2}.Debug|Any CPU.Build.0 = Debug|Any CPU
		{80F29BB0-BEF1-4210-9427-728A50BBC1F2}.Release|Any CPU.ActiveCfg = Release|Any CPU
		{80F29BB0-BEF1-4210-9427-728A50BBC1F2}.Release|Any CPU.Build.0 = Release|Any CPU
	EndGlobalSection
	GlobalSection(SolutionProperties) = preSolution
		HideSolutionNode = FALSE
	EndGlobalSection
	GlobalSection(ExtensibilityGlobals) = postSolution
		SolutionGuid = {E5A8CF8A-60DA-42D7-988E-87C743C2D005}
	EndGlobalSection
EndGlobal
