
Microsoft Visual Studio Solution File, Format Version 12.00
# Visual Studio Version 16
VisualStudioVersion = 16.0.31019.35
MinimumVisualStudioVersion = 10.0.40219.1
Project("{FAE04EC0-301F-11D3-BF4B-00C04F79EFBC}") = "Course", "Course\Course.csproj", "{6B598EC3-4782-4012-86BC-E10439783B74}"
EndProject
Global
	GlobalSection(SolutionConfigurationPlatforms) = preSolution
		Debug|Any CPU = Debug|Any CPU
		Release|Any CPU = Release|Any CPU
	EndGlobalSection
	GlobalSection(ProjectConfigurationPlatforms) = postSolution
		{6B598EC3-4782-4012-86BC-E10439783B74}.Debug|Any CPU.ActiveCfg = Debug|Any CPU
		{6B598EC3-4782-4012-86BC-E10439783B74}.Debug|Any CPU.Build.0 = Debug|Any CPU
		{6B598EC3-4782-4012-86BC-E10439783B74}.Release|Any CPU.ActiveCfg = Release|Any CPU
		{6B598EC3-4782-4012-86BC-E10439783B74}.Release|Any CPU.Build.0 = Release|Any CPU
	EndGlobalSection
	GlobalSection(SolutionProperties) = preSolution
		HideSolutionNode = FALSE
	EndGlobalSection
	GlobalSection(ExtensibilityGlobals) = postSolution
		SolutionGuid = {85B2C9EB-C0A9-4A09-978D-762AAECC61F0}
	EndGlobalSection
EndGlobal
